// !$*UTF8*$!
{
	archiveVersion = 1;
	classes = {
	};
	objectVersion = 46;
	objects = {

/* Begin PBXBuildFile section */
		347EA8741F72CB6F003A0504 /* AppDelegate.swift in Sources */ = {isa = PBXBuildFile; fileRef = 347EA8731F72CB6F003A0504 /* AppDelegate.swift */; };
		347EA8761F72CB6F003A0504 /* ViewController.swift in Sources */ = {isa = PBXBuildFile; fileRef = 347EA8751F72CB6F003A0504 /* ViewController.swift */; };
		347EA8791F72CB6F003A0504 /* Main.storyboard in Resources */ = {isa = PBXBuildFile; fileRef = 347EA8771F72CB6F003A0504 /* Main.storyboard */; };
		347EA87B1F72CB6F003A0504 /* Assets.xcassets in Resources */ = {isa = PBXBuildFile; fileRef = 347EA87A1F72CB6F003A0504 /* Assets.xcassets */; };
		347EA87E1F72CB6F003A0504 /* LaunchScreen.storyboard in Resources */ = {isa = PBXBuildFile; fileRef = 347EA87C1F72CB6F003A0504 /* LaunchScreen.storyboard */; };
/* End PBXBuildFile section */

/* Begin PBXFileReference section */
		347EA8701F72CB6F003A0504 /* code_based_UI.app */ = {isa = PBXFileReference; explicitFileType = wrapper.application; includeInIndex = 0; path = code_based_UI.app; sourceTree = BUILT_PRODUCTS_DIR; };
		347EA8731F72CB6F003A0504 /* AppDelegate.swift */ = {isa = PBXFileReference; lastKnownFileType = sourcecode.swift; path = AppDelegate.swift; sourceTree = "<group>"; };
		347EA8751F72CB6F003A0504 /* ViewController.swift */ = {isa = PBXFileReference; lastKnownFileType = sourcecode.swift; path = ViewController.swift; sourceTree = "<group>"; };
		347EA8781F72CB6F003A0504 /* Base */ = {isa = PBXFileReference; lastKnownFileType = file.storyboard; name = Base; path = Base.lproj/Main.storyboard; sourceTree = "<group>"; };
		347EA87A1F72CB6F003A0504 /* Assets.xcassets */ = {isa = PBXFileReference; lastKnownFileType = folder.assetcatalog; path = Assets.xcassets; sourceTree = "<group>"; };
		347EA87D1F72CB6F003A0504 /* Base */ = {isa = PBXFileReference; lastKnownFileType = file.storyboard; name = Base; path = Base.lproj/LaunchScreen.storyboard; sourceTree = "<group>"; };
		347EA87F1F72CB6F003A0504 /* Info.plist */ = {isa = PBXFileReference; lastKnownFileType = text.plist.xml; path = Info.plist; sourceTree = "<group>"; };
/* End PBXFileReference section */

/* Begin PBXFrameworksBuildPhase section */
		347EA86D1F72CB6E003A0504 /* Frameworks */ = {
			isa = PBXFrameworksBuildPhase;
			buildActionMask = 2147483647;
			files = (
			);
			runOnlyForDeploymentPostprocessing = 0;
		};
/* End PBXFrameworksBuildPhase section */

/* Begin PBXGroup section */
		347EA8671F72CB6E003A0504 = {
			isa = PBXGroup;
			children = (
				347EA8721F72CB6F003A0504 /* code_based_UI */,
				347EA8711F72CB6F003A0504 /* Products */,
			);
			sourceTree = "<group>";
		};
		347EA8711F72CB6F003A0504 /* Products */ = {
			isa = PBXGroup;
			children = (
				347EA8701F72CB6F003A0504 /* code_based_UI.app */,
			);
			name = Products;
			sourceTree = "<group>";
		};
		347EA8721F72CB6F003A0504 /* code_based_UI */ = {
			isa = PBXGroup;
			children = (
				347EA8731F72CB6F003A0504 /* AppDelegate.swift */,
				347EA8751F72CB6F003A0504 /* ViewController.swift */,
				347EA8771F72CB6F003A0504 /* Main.storyboard */,
				347EA87A1F72CB6F003A0504 /* Assets.xcassets */,
				347EA87C1F72CB6F003A0504 /* LaunchScreen.storyboard */,
				347EA87F1F72CB6F003A0504 /* Info.plist */,
			);
			path = code_based_UI;
			sourceTree = "<group>";
		};
/* End PBXGroup section */

/* Begin PBXNativeTarget section */
		347EA86F1F72CB6E003A0504 /* code_based_UI */ = {
			isa = PBXNativeTarget;
			buildConfigurationList = 347EA8821F72CB6F003A0504 /* Build configuration list for PBXNativeTarget "code_based_UI" */;
			buildPhases = (
				347EA86C1F72CB6E003A0504 /* Sources */,
				347EA86D1F72CB6E003A0504 /* Frameworks */,
				347EA86E1F72CB6E003A0504 /* Resources */,
			);
			buildRules = (
			);
			dependencies = (
			);
			name = code_based_UI;
			productName = code_based_UI;
			productReference = 347EA8701F72CB6F003A0504 /* code_based_UI.app */;
			productType = "com.apple.product-type.application";
		};
/* End PBXNativeTarget section */

/* Begin PBXProject section */
		347EA8681F72CB6E003A0504 /* Project object */ = {
			isa = PBXProject;
			attributes = {
				LastSwiftUpdateCheck = 0830;
				LastUpgradeCheck = 0830;
				ORGANIZATIONNAME = "Michael Engel";
				TargetAttributes = {
					347EA86F1F72CB6E003A0504 = {
						CreatedOnToolsVersion = 8.3.3;
						DevelopmentTeam = 2D648X327H;
						ProvisioningStyle = Automatic;
					};
				};
			};
			buildConfigurationList = 347EA86B1F72CB6E003A0504 /* Build configuration list for PBXProject "code_based_UI" */;
			compatibilityVersion = "Xcode 3.2";
			developmentRegion = English;
			hasScannedForEncodings = 0;
			knownRegions = (
				en,
				Base,
			);
			mainGroup = 347EA8671F72CB6E003A0504;
			productRefGroup = 347EA8711F72CB6F003A0504 /* Products */;
			projectDirPath = "";
			projectRoot = "";
			targets = (
				347EA86F1F72CB6E003A0504 /* code_based_UI */,
			);
		};
/* End PBXProject section */

/* Begin PBXResourcesBuildPhase section */
		347EA86E1F72CB6E003A0504 /* Resources */ = {
			isa = PBXResourcesBuildPhase;
			buildActionMask = 2147483647;
			files = (
				347EA87E1F72CB6F003A0504 /* LaunchScreen.storyboard in Resources */,
				347EA87B1F72CB6F003A0504 /* Assets.xcassets in Resources */,
				347EA8791F72CB6F003A0504 /* Main.storyboard in Resources */,
			);
			runOnlyForDeploymentPostprocessing = 0;
		};
/* End PBXResourcesBuildPhase section */

/* Begin PBXSourcesBuildPhase section */
		347EA86C1F72CB6E003A0504 /* Sources */ = {
			isa = PBXSourcesBuildPhase;
			buildActionMask = 2147483647;
			files = (
				347EA8761F72CB6F003A0504 /* ViewController.swift in Sources */,
				347EA8741F72CB6F003A0504 /* AppDelegate.swift in Sources */,
			);
			runOnlyForDeploymentPostprocessing = 0;
		};
/* End PBXSourcesBuildPhase section */

/* Begin PBXVariantGroup section */
		347EA8771F72CB6F003A0504 /* Main.storyboard */ = {
			isa = PBXVariantGroup;
			children = (
				347EA8781F72CB6F003A0504 /* Base */,
			);
			name = Main.storyboard;
			sourceTree = "<group>";
		};
		347EA87C1F72CB6F003A0504 /* LaunchScreen.storyboard */ = {
			isa = PBXVariantGroup;
			children = (
				347EA87D1F72CB6F003A0504 /* Base */,
			);
			name = LaunchScreen.storyboard;
			sourceTree = "<group>";
		};
/* End PBXVariantGroup section */

/* Begin XCBuildConfiguration section */
		347EA8801F72CB6F003A0504 /* Debug */ = {
			isa = XCBuildConfiguration;
			buildSettings = {
				ALWAYS_SEARCH_USER_PATHS = NO;
				CLANG_ANALYZER_NONNULL = YES;
				CLANG_ANALYZER_NUMBER_OBJECT_CONVERSION = YES_AGGRESSIVE;
				CLANG_CXX_LANGUAGE_STANDARD = "gnu++0x";
				CLANG_CXX_LIBRARY = "libc++";
				CLANG_ENABLE_MODULES = YES;
				CLANG_ENABLE_OBJC_ARC = YES;
				CLANG_WARN_BOOL_CONVERSION = YES;
				CLANG_WARN_CONSTANT_CONVERSION = YES;
				CLANG_WARN_DIRECT_OBJC_ISA_USAGE = YES_ERROR;
				CLANG_WARN_DOCUMENTATION_COMMENTS = YES;
				CLANG_WARN_EMPTY_BODY = YES;
				CLANG_WARN_ENUM_CONVERSION = YES;
				CLANG_WARN_INFINITE_RECURSION = YES;
				CLANG_WARN_INT_CONVERSION = YES;
				CLANG_WARN_OBJC_ROOT_CLASS = YES_ERROR;
				CLANG_WARN_SUSPICIOUS_MOVE = YES;
				CLANG_WARN_UNREACHABLE_CODE = YES;
				CLANG_WARN__DUPLICATE_METHOD_MATCH = YES;
				"CODE_SIGN_IDENTITY[sdk=iphoneos*]" = "iPhone Developer";
				COPY_PHASE_STRIP = NO;
				DEBUG_INFORMATION_FORMAT = dwarf;
				ENABLE_STRICT_OBJC_MSGSEND = YES;
				ENABLE_TESTABILITY = YES;
				GCC_C_LANGUAGE_STANDARD = gnu99;
				GCC_DYNAMIC_NO_PIC = NO;
				GCC_NO_COMMON_BLOCKS = YES;
				GCC_OPTIMIZATION_LEVEL = 0;
				GCC_PREPROCESSOR_DEFINITIONS = (
					"DEBUG=1",
					"$(inherited)",
				);
				GCC_WARN_64_TO_32_BIT_CONVERSION = YES;
				GCC_WARN_ABOUT_RETURN_TYPE = YES_ERROR;
				GCC_WARN_UNDECLARED_SELECTOR = YES;
				GCC_WARN_UNINITIALIZED_AUTOS = YES_AGGRESSIVE;
				GCC_WARN_UNUSED_FUNCTION = YES;
				GCC_WARN_UNUSED_VARIABLE = YES;
				IPHONEOS_DEPLOYMENT_TARGET = 10.3;
				MTL_ENABLE_DEBUG_INFO = YES;
				ONLY_ACTIVE_ARCH = YES;
				SDKROOT = iphoneos;
				SWIFT_ACTIVE_COMPILATION_CONDITIONS = DEBUG;
				SWIFT_OPTIMIZATION_LEVEL = "-Onone";
				TARGETED_DEVICE_FAMILY = 2;
			};
			name = Debug;
		};
		347EA8811F72CB6F003A0504 /* Release */ = {
			isa = XCBuildConfiguration;
			buildSettings = {
				ALWAYS_SEARCH_USER_PATHS = NO;
				CLANG_ANALYZER_NONNULL = YES;
				CLANG_ANALYZER_NUMBER_OBJECT_CONVERSION = YES_AGGRESSIVE;
				CLANG_CXX_LANGUAGE_STANDARD = "gnu++0x";
				CLANG_CXX_LIBRARY = "libc++";
				CLANG_ENABLE_MODULES = YES;
				CLANG_ENABLE_OBJC_ARC = YES;
				CLANG_WARN_BOOL_CONVERSION = YES;
				CLANG_WARN_CONSTANT_CONVERSION = YES;
				CLANG_WARN_DIRECT_OBJC_ISA_USAGE = YES_ERROR;
				CLANG_WARN_DOCUMENTATION_COMMENTS = YES;
				CLANG_WARN_EMPTY_BODY = YES;
				CLANG_WARN_ENUM_CONVERSION = YES;
				CLANG_WARN_INFINITE_RECURSION = YES;
				CLANG_WARN_INT_CONVERSION = YES;
				CLANG_WARN_OBJC_ROOT_CLASS = YES_ERROR;
				CLANG_WARN_SUSPICIOUS_MOVE = YES;
				CLANG_WARN_UNREACHABLE_CODE = YES;
				CLANG_WARN__DUPLICATE_METHOD_MATCH = YES;
				"CODE_SIGN_IDENTITY[sdk=iphoneos*]" = "iPhone Developer";
				COPY_PHASE_STRIP = NO;
				DEBUG_INFORMATION_FORMAT = "dwarf-with-dsym";
				ENABLE_NS_ASSERTIONS = NO;
				ENABLE_STRICT_OBJC_MSGSEND = YES;
				GCC_C_LANGUAGE_STANDARD = gnu99;
				GCC_NO_COMMON_BLOCKS = YES;
				GCC_WARN_64_TO_32_BIT_CONVERSION = YES;
				GCC_WARN_ABOUT_RETURN_TYPE = YES_ERROR;
				GCC_WARN_UNDECLARED_SELECTOR = YES;
				GCC_WARN_UNINITIALIZED_AUTOS = YES_AGGRESSIVE;
				GCC_WARN_UNUSED_FUNCTION = YES;
				GCC_WARN_UNUSED_VARIABLE = YES;
				IPHONEOS_DEPLOYMENT_TARGET = 10.3;
				MTL_ENABLE_DEBUG_INFO = NO;
				SDKROOT = iphoneos;
				SWIFT_OPTIMIZATION_LEVEL = "-Owholemodule";
				TARGETED_DEVICE_FAMILY = 2;
				VALIDATE_PRODUCT = YES;
			};
			name = Release;
		};
		347EA8831F72CB6F003A0504 /* Debug */ = {
			isa = XCBuildConfiguration;
			buildSettings = {
				ASSETCATALOG_COMPILER_APPICON_NAME = AppIcon;
				DEVELOPMENT_TEAM = 2D648X327H;
				INFOPLIST_FILE = code_based_UI/Info.plist;
				LD_RUNPATH_SEARCH_PATHS = "$(inherited) @executable_path/Frameworks";
				PRODUCT_BUNDLE_IDENTIFIER = "com.michael.code.based.UI.code-based-UI";
				PRODUCT_NAME = "$(TARGET_NAME)";
				SWIFT_VERSION = 3.0;
			};
			name = Debug;
		};
		347EA8841F72CB6F003A0504 /* Release */ = {
			isa = XCBuildConfiguration;
			buildSettings = {
				ASSETCATALOG_COMPILER_APPICON_NAME = AppIcon;
				DEVELOPMENT_TEAM = 2D648X327H;
				INFOPLIST_FILE = code_based_UI/Info.plist;
				LD_RUNPATH_SEARCH_PATHS = "$(inherited) @executable_path/Frameworks";
				PRODUCT_BUNDLE_IDENTIFIER = "com.michael.code.based.UI.code-based-UI";
				PRODUCT_NAME = "$(TARGET_NAME)";
				SWIFT_VERSION = 3.0;
			};
			name = Release;
		};
/* End XCBuildConfiguration section */

/* Begin XCConfigurationList section */
		347EA86B1F72CB6E003A0504 /* Build configuration list for PBXProject "code_based_UI" */ = {
			isa = XCConfigurationList;
			buildConfigurations = (
				347EA8801F72CB6F003A0504 /* Debug */,
				347EA8811F72CB6F003A0504 /* Release */,
			);
			defaultConfigurationIsVisible = 0;
			defaultConfigurationName = Release;
		};
		347EA8821F72CB6F003A0504 /* Build configuration list for PBXNativeTarget "code_based_UI" */ = {
			isa = XCConfigurationList;
			buildConfigurations = (
				347EA8831F72CB6F003A0504 /* Debug */,
				347EA8841F72CB6F003A0504 /* Release */,
			);
			defaultConfigurationIsVisible = 0;
		};
/* End XCConfigurationList section */
	};
	rootObject = 347EA8681F72CB6E003A0504 /* Project object */;
}
